// !$*UTF8*$!
{
	archiveVersion = 1;
	classes = {
	};
	objectVersion = 46;
	objects = {

/* Begin PBXBuildFile section */
		6A1F64EF19E3267B00B61C83 /* CoreBluetooth.framework in Frameworks */ = {isa = PBXBuildFile; fileRef = 6A1F64EE19E3267B00B61C83 /* CoreBluetooth.framework */; };
		6A98F2C719B6677100A176B3 /* Foundation.framework in Frameworks */ = {isa = PBXBuildFile; fileRef = 6A98F2C619B6677000A176B3 /* Foundation.framework */; };
		6A98F2C919B6677100A176B3 /* CoreGraphics.framework in Frameworks */ = {isa = PBXBuildFile; fileRef = 6A98F2C819B6677100A176B3 /* CoreGraphics.framework */; };
		6A98F2CB19B6677100A176B3 /* UIKit.framework in Frameworks */ = {isa = PBXBuildFile; fileRef = 6A98F2CA19B6677100A176B3 /* UIKit.framework */; };
		6A98F2D119B6677100A176B3 /* InfoPlist.strings in Resources */ = {isa = PBXBuildFile; fileRef = 6A98F2CF19B6677100A176B3 /* InfoPlist.strings */; };
		6A98F2D319B6677100A176B3 /* main.m in Sources */ = {isa = PBXBuildFile; fileRef = 6A98F2D219B6677100A176B3 /* main.m */; };
		6A98F2D719B6677100A176B3 /* BVAppDelegate.m in Sources */ = {isa = PBXBuildFile; fileRef = 6A98F2D619B6677100A176B3 /* BVAppDelegate.m */; };
		6A98F2DA19B6677100A176B3 /* Main.storyboard in Resources */ = {isa = PBXBuildFile; fileRef = 6A98F2D819B6677100A176B3 /* Main.storyboard */; };
		6A98F2DD19B6677100A176B3 /* BVViewController.m in Sources */ = {isa = PBXBuildFile; fileRef = 6A98F2DC19B6677100A176B3 /* BVViewController.m */; };
		6A98F2DF19B6677100A176B3 /* Images.xcassets in Resources */ = {isa = PBXBuildFile; fileRef = 6A98F2DE19B6677100A176B3 /* Images.xcassets */; };
		6A98F2E619B6677100A176B3 /* XCTest.framework in Frameworks */ = {isa = PBXBuildFile; fileRef = 6A98F2E519B6677100A176B3 /* XCTest.framework */; };
		6A98F2E719B6677100A176B3 /* Foundation.framework in Frameworks */ = {isa = PBXBuildFile; fileRef = 6A98F2C619B6677000A176B3 /* Foundation.framework */; };
		6A98F2E819B6677100A176B3 /* UIKit.framework in Frameworks */ = {isa = PBXBuildFile; fileRef = 6A98F2CA19B6677100A176B3 /* UIKit.framework */; };
		6A98F2F019B6677100A176B3 /* InfoPlist.strings in Resources */ = {isa = PBXBuildFile; fileRef = 6A98F2EE19B6677100A176B3 /* InfoPlist.strings */; };
		6A98F2F219B6677100A176B3 /* BlueViteTests.m in Sources */ = {isa = PBXBuildFile; fileRef = 6A98F2F119B6677100A176B3 /* BlueViteTests.m */; };
/* End PBXBuildFile section */

/* Begin PBXContainerItemProxy section */
		6A98F2E919B6677100A176B3 /* PBXContainerItemProxy */ = {
			isa = PBXContainerItemProxy;
			containerPortal = 6A98F2BB19B6677000A176B3 /* Project object */;
			proxyType = 1;
			remoteGlobalIDString = 6A98F2C219B6677000A176B3;
			remoteInfo = BlueVite;
		};
/* End PBXContainerItemProxy section */

/* Begin PBXFileReference section */
		6A1F64EE19E3267B00B61C83 /* CoreBluetooth.framework */ = {isa = PBXFileReference; lastKnownFileType = wrapper.framework; name = CoreBluetooth.framework; path = System/Library/Frameworks/CoreBluetooth.framework; sourceTree = SDKROOT; };
		6A98F2C319B6677000A176B3 /* BlueVite.app */ = {isa = PBXFileReference; explicitFileType = wrapper.application; includeInIndex = 0; path = BlueVite.app; sourceTree = BUILT_PRODUCTS_DIR; };
		6A98F2C619B6677000A176B3 /* Foundation.framework */ = {isa = PBXFileReference; lastKnownFileType = wrapper.framework; name = Foundation.framework; path = System/Library/Frameworks/Foundation.framework; sourceTree = SDKROOT; };
		6A98F2C819B6677100A176B3 /* CoreGraphics.framework */ = {isa = PBXFileReference; lastKnownFileType = wrapper.framework; name = CoreGraphics.framework; path = System/Library/Frameworks/CoreGraphics.framework; sourceTree = SDKROOT; };
		6A98F2CA19B6677100A176B3 /* UIKit.framework */ = {isa = PBXFileReference; lastKnownFileType = wrapper.framework; name = UIKit.framework; path = System/Library/Frameworks/UIKit.framework; sourceTree = SDKROOT; };
		6A98F2CE19B6677100A176B3 /* BlueVite-Info.plist */ = {isa = PBXFileReference; lastKnownFileType = text.plist.xml; path = "BlueVite-Info.plist"; sourceTree = "<group>"; };
		6A98F2D019B6677100A176B3 /* en */ = {isa = PBXFileReference; lastKnownFileType = text.plist.strings; name = en; path = en.lproj/InfoPlist.strings; sourceTree = "<group>"; };
		6A98F2D219B6677100A176B3 /* main.m */ = {isa = PBXFileReference; lastKnownFileType = sourcecode.c.objc; path = main.m; sourceTree = "<group>"; };
		6A98F2D419B6677100A176B3 /* BlueVite-Prefix.pch */ = {isa = PBXFileReference; lastKnownFileType = sourcecode.c.h; path = "BlueVite-Prefix.pch"; sourceTree = "<group>"; };
		6A98F2D519B6677100A176B3 /* BVAppDelegate.h */ = {isa = PBXFileReference; lastKnownFileType = sourcecode.c.h; path = BVAppDelegate.h; sourceTree = "<group>"; };
		6A98F2D619B6677100A176B3 /* BVAppDelegate.m */ = {isa = PBXFileReference; lastKnownFileType = sourcecode.c.objc; path = BVAppDelegate.m; sourceTree = "<group>"; };
		6A98F2D919B6677100A176B3 /* Base */ = {isa = PBXFileReference; lastKnownFileType = file.storyboard; name = Base; path = Base.lproj/Main.storyboard; sourceTree = "<group>"; };
		6A98F2DB19B6677100A176B3 /* BVViewController.h */ = {isa = PBXFileReference; lastKnownFileType = sourcecode.c.h; path = BVViewController.h; sourceTree = "<group>"; };
		6A98F2DC19B6677100A176B3 /* BVViewController.m */ = {isa = PBXFileReference; lastKnownFileType = sourcecode.c.objc; path = BVViewController.m; sourceTree = "<group>"; };
		6A98F2DE19B6677100A176B3 /* Images.xcassets */ = {isa = PBXFileReference; lastKnownFileType = folder.assetcatalog; path = Images.xcassets; sourceTree = "<group>"; };
		6A98F2E419B6677100A176B3 /* BlueViteTests.xctest */ = {isa = PBXFileReference; explicitFileType = wrapper.cfbundle; includeInIndex = 0; path = BlueViteTests.xctest; sourceTree = BUILT_PRODUCTS_DIR; };
		6A98F2E519B6677100A176B3 /* XCTest.framework */ = {isa = PBXFileReference; lastKnownFileType = wrapper.framework; name = XCTest.framework; path = Library/Frameworks/XCTest.framework; sourceTree = DEVELOPER_DIR; };
		6A98F2ED19B6677100A176B3 /* BlueViteTests-Info.plist */ = {isa = PBXFileReference; lastKnownFileType = text.plist.xml; path = "BlueViteTests-Info.plist"; sourceTree = "<group>"; };
		6A98F2EF19B6677100A176B3 /* en */ = {isa = PBXFileReference; lastKnownFileType = text.plist.strings; name = en; path = en.lproj/InfoPlist.strings; sourceTree = "<group>"; };
		6A98F2F119B6677100A176B3 /* BlueViteTests.m */ = {isa = PBXFileReference; lastKnownFileType = sourcecode.c.objc; path = BlueViteTests.m; sourceTree = "<group>"; };
/* End PBXFileReference section */

/* Begin PBXFrameworksBuildPhase section */
		6A98F2C019B6677000A176B3 /* Frameworks */ = {
			isa = PBXFrameworksBuildPhase;
			buildActionMask = 2147483647;
			files = (
				6A1F64EF19E3267B00B61C83 /* CoreBluetooth.framework in Frameworks */,
				6A98F2C919B6677100A176B3 /* CoreGraphics.framework in Frameworks */,
				6A98F2CB19B6677100A176B3 /* UIKit.framework in Frameworks */,
				6A98F2C719B6677100A176B3 /* Foundation.framework in Frameworks */,
			);
			runOnlyForDeploymentPostprocessing = 0;
		};
		6A98F2E119B6677100A176B3 /* Frameworks */ = {
			isa = PBXFrameworksBuildPhase;
			buildActionMask = 2147483647;
			files = (
				6A98F2E619B6677100A176B3 /* XCTest.framework in Frameworks */,
				6A98F2E819B6677100A176B3 /* UIKit.framework in Frameworks */,
				6A98F2E719B6677100A176B3 /* Foundation.framework in Frameworks */,
			);
			runOnlyForDeploymentPostprocessing = 0;
		};
/* End PBXFrameworksBuildPhase section */

/* Begin PBXGroup section */
		6A98F2BA19B6677000A176B3 = {
			isa = PBXGroup;
			children = (
				6A98F2CC19B6677100A176B3 /* BlueVite */,
				6A98F2EB19B6677100A176B3 /* BlueViteTests */,
				6A98F2C519B6677000A176B3 /* Frameworks */,
				6A98F2C419B6677000A176B3 /* Products */,
			);
			sourceTree = "<group>";
		};
		6A98F2C419B6677000A176B3 /* Products */ = {
			isa = PBXGroup;
			children = (
				6A98F2C319B6677000A176B3 /* BlueVite.app */,
				6A98F2E419B6677100A176B3 /* BlueViteTests.xctest */,
			);
			name = Products;
			sourceTree = "<group>";
		};
		6A98F2C519B6677000A176B3 /* Frameworks */ = {
			isa = PBXGroup;
			children = (
				6A1F64EE19E3267B00B61C83 /* CoreBluetooth.framework */,
				6A98F2C619B6677000A176B3 /* Foundation.framework */,
				6A98F2C819B6677100A176B3 /* CoreGraphics.framework */,
				6A98F2CA19B6677100A176B3 /* UIKit.framework */,
				6A98F2E519B6677100A176B3 /* XCTest.framework */,
			);
			name = Frameworks;
			sourceTree = "<group>";
		};
		6A98F2CC19B6677100A176B3 /* BlueVite */ = {
			isa = PBXGroup;
			children = (
				6A98F2D519B6677100A176B3 /* BVAppDelegate.h */,
				6A98F2D619B6677100A176B3 /* BVAppDelegate.m */,
				6A98F2D819B6677100A176B3 /* Main.storyboard */,
				6A98F2DB19B6677100A176B3 /* BVViewController.h */,
				6A98F2DC19B6677100A176B3 /* BVViewController.m */,
				6A98F2DE19B6677100A176B3 /* Images.xcassets */,
				6A98F2CD19B6677100A176B3 /* Supporting Files */,
			);
			path = BlueVite;
			sourceTree = "<group>";
		};
		6A98F2CD19B6677100A176B3 /* Supporting Files */ = {
			isa = PBXGroup;
			children = (
				6A98F2CE19B6677100A176B3 /* BlueVite-Info.plist */,
				6A98F2CF19B6677100A176B3 /* InfoPlist.strings */,
				6A98F2D219B6677100A176B3 /* main.m */,
				6A98F2D419B6677100A176B3 /* BlueVite-Prefix.pch */,
			);
			name = "Supporting Files";
			sourceTree = "<group>";
		};
		6A98F2EB19B6677100A176B3 /* BlueViteTests */ = {
			isa = PBXGroup;
			children = (
				6A98F2F119B6677100A176B3 /* BlueViteTests.m */,
				6A98F2EC19B6677100A176B3 /* Supporting Files */,
			);
			path = BlueViteTests;
			sourceTree = "<group>";
		};
		6A98F2EC19B6677100A176B3 /* Supporting Files */ = {
			isa = PBXGroup;
			children = (
				6A98F2ED19B6677100A176B3 /* BlueViteTests-Info.plist */,
				6A98F2EE19B6677100A176B3 /* InfoPlist.strings */,
			);
			name = "Supporting Files";
			sourceTree = "<group>";
		};
/* End PBXGroup section */

/* Begin PBXNativeTarget section */
		6A98F2C219B6677000A176B3 /* BlueVite */ = {
			isa = PBXNativeTarget;
			buildConfigurationList = 6A98F2F519B6677100A176B3 /* Build configuration list for PBXNativeTarget "BlueVite" */;
			buildPhases = (
				6A98F2BF19B6677000A176B3 /* Sources */,
				6A98F2C019B6677000A176B3 /* Frameworks */,
				6A98F2C119B6677000A176B3 /* Resources */,
			);
			buildRules = (
			);
			dependencies = (
			);
			name = BlueVite;
			productName = BlueVite;
			productReference = 6A98F2C319B6677000A176B3 /* BlueVite.app */;
			productType = "com.apple.product-type.application";
		};
		6A98F2E319B6677100A176B3 /* BlueViteTests */ = {
			isa = PBXNativeTarget;
			buildConfigurationList = 6A98F2F819B6677100A176B3 /* Build configuration list for PBXNativeTarget "BlueViteTests" */;
			buildPhases = (
				6A98F2E019B6677100A176B3 /* Sources */,
				6A98F2E119B6677100A176B3 /* Frameworks */,
				6A98F2E219B6677100A176B3 /* Resources */,
			);
			buildRules = (
			);
			dependencies = (
				6A98F2EA19B6677100A176B3 /* PBXTargetDependency */,
			);
			name = BlueViteTests;
			productName = BlueViteTests;
			productReference = 6A98F2E419B6677100A176B3 /* BlueViteTests.xctest */;
			productType = "com.apple.product-type.bundle.unit-test";
		};
/* End PBXNativeTarget section */

/* Begin PBXProject section */
		6A98F2BB19B6677000A176B3 /* Project object */ = {
			isa = PBXProject;
			attributes = {
				CLASSPREFIX = BV;
				LastUpgradeCheck = 0510;
				ORGANIZATIONNAME = don.altman;
				TargetAttributes = {
					6A98F2C219B6677000A176B3 = {
						DevelopmentTeam = 7B5LNWD556;
						SystemCapabilities = {
							com.apple.BackgroundModes = {
								enabled = 1;
							};
						};
					};
					6A98F2E319B6677100A176B3 = {
						TestTargetID = 6A98F2C219B6677000A176B3;
					};
				};
			};
			buildConfigurationList = 6A98F2BE19B6677000A176B3 /* Build configuration list for PBXProject "BlueVite" */;
			compatibilityVersion = "Xcode 3.2";
			developmentRegion = English;
			hasScannedForEncodings = 0;
			knownRegions = (
				en,
				Base,
			);
			mainGroup = 6A98F2BA19B6677000A176B3;
			productRefGroup = 6A98F2C419B6677000A176B3 /* Products */;
			projectDirPath = "";
			projectRoot = "";
			targets = (
				6A98F2C219B6677000A176B3 /* BlueVite */,
				6A98F2E319B6677100A176B3 /* BlueViteTests */,
			);
		};
/* End PBXProject section */

/* Begin PBXResourcesBuildPhase section */
		6A98F2C119B6677000A176B3 /* Resources */ = {
			isa = PBXResourcesBuildPhase;
			buildActionMask = 2147483647;
			files = (
				6A98F2DF19B6677100A176B3 /* Images.xcassets in Resources */,
				6A98F2D119B6677100A176B3 /* InfoPlist.strings in Resources */,
				6A98F2DA19B6677100A176B3 /* Main.storyboard in Resources */,
			);
			runOnlyForDeploymentPostprocessing = 0;
		};
		6A98F2E219B6677100A176B3 /* Resources */ = {
			isa = PBXResourcesBuildPhase;
			buildActionMask = 2147483647;
			files = (
				6A98F2F019B6677100A176B3 /* InfoPlist.strings in Resources */,
			);
			runOnlyForDeploymentPostprocessing = 0;
		};
/* End PBXResourcesBuildPhase section */

/* Begin PBXSourcesBuildPhase section */
		6A98F2BF19B6677000A176B3 /* Sources */ = {
			isa = PBXSourcesBuildPhase;
			buildActionMask = 2147483647;
			files = (
				6A98F2DD19B6677100A176B3 /* BVViewController.m in Sources */,
				6A98F2D719B6677100A176B3 /* BVAppDelegate.m in Sources */,
				6A98F2D319B6677100A176B3 /* main.m in Sources */,
			);
			runOnlyForDeploymentPostprocessing = 0;
		};
		6A98F2E019B6677100A176B3 /* Sources */ = {
			isa = PBXSourcesBuildPhase;
			buildActionMask = 2147483647;
			files = (
				6A98F2F219B6677100A176B3 /* BlueViteTests.m in Sources */,
			);
			runOnlyForDeploymentPostprocessing = 0;
		};
/* End PBXSourcesBuildPhase section */

/* Begin PBXTargetDependency section */
		6A98F2EA19B6677100A176B3 /* PBXTargetDependency */ = {
			isa = PBXTargetDependency;
			target = 6A98F2C219B6677000A176B3 /* BlueVite */;
			targetProxy = 6A98F2E919B6677100A176B3 /* PBXContainerItemProxy */;
		};
/* End PBXTargetDependency section */

/* Begin PBXVariantGroup section */
		6A98F2CF19B6677100A176B3 /* InfoPlist.strings */ = {
			isa = PBXVariantGroup;
			children = (
				6A98F2D019B6677100A176B3 /* en */,
			);
			name = InfoPlist.strings;
			sourceTree = "<group>";
		};
		6A98F2D819B6677100A176B3 /* Main.storyboard */ = {
			isa = PBXVariantGroup;
			children = (
				6A98F2D919B6677100A176B3 /* Base */,
			);
			name = Main.storyboard;
			sourceTree = "<group>";
		};
		6A98F2EE19B6677100A176B3 /* InfoPlist.strings */ = {
			isa = PBXVariantGroup;
			children = (
				6A98F2EF19B6677100A176B3 /* en */,
			);
			name = InfoPlist.strings;
			sourceTree = "<group>";
		};
/* End PBXVariantGroup section */

/* Begin XCBuildConfiguration section */
		6A98F2F319B6677100A176B3 /* Debug */ = {
			isa = XCBuildConfiguration;
			buildSettings = {
				ALWAYS_SEARCH_USER_PATHS = NO;
				CLANG_CXX_LANGUAGE_STANDARD = "gnu++0x";
				CLANG_CXX_LIBRARY = "libc++";
				CLANG_ENABLE_MODULES = YES;
				CLANG_ENABLE_OBJC_ARC = YES;
				CLANG_WARN_BOOL_CONVERSION = YES;
				CLANG_WARN_CONSTANT_CONVERSION = YES;
				CLANG_WARN_DIRECT_OBJC_ISA_USAGE = YES_ERROR;
				CLANG_WARN_EMPTY_BODY = YES;
				CLANG_WARN_ENUM_CONVERSION = YES;
				CLANG_WARN_INT_CONVERSION = YES;
				CLANG_WARN_OBJC_ROOT_CLASS = YES_ERROR;
				CLANG_WARN__DUPLICATE_METHOD_MATCH = YES;
				"CODE_SIGN_IDENTITY[sdk=iphoneos*]" = "iPhone Developer";
				COPY_PHASE_STRIP = NO;
				GCC_C_LANGUAGE_STANDARD = gnu99;
				GCC_DYNAMIC_NO_PIC = NO;
				GCC_OPTIMIZATION_LEVEL = 0;
				GCC_PREPROCESSOR_DEFINITIONS = (
					"DEBUG=1",
					"$(inherited)",
				);
				GCC_SYMBOLS_PRIVATE_EXTERN = NO;
				GCC_WARN_64_TO_32_BIT_CONVERSION = YES;
				GCC_WARN_ABOUT_RETURN_TYPE = YES_ERROR;
				GCC_WARN_UNDECLARED_SELECTOR = YES;
				GCC_WARN_UNINITIALIZED_AUTOS = YES_AGGRESSIVE;
				GCC_WARN_UNUSED_FUNCTION = YES;
				GCC_WARN_UNUSED_VARIABLE = YES;
				IPHONEOS_DEPLOYMENT_TARGET = 7.1;
				ONLY_ACTIVE_ARCH = YES;
				SDKROOT = iphoneos;
			};
			name = Debug;
		};
		6A98F2F419B6677100A176B3 /* Release */ = {
			isa = XCBuildConfiguration;
			buildSettings = {
				ALWAYS_SEARCH_USER_PATHS = NO;
				CLANG_CXX_LANGUAGE_STANDARD = "gnu++0x";
				CLANG_CXX_LIBRARY = "libc++";
				CLANG_ENABLE_MODULES = YES;
				CLANG_ENABLE_OBJC_ARC = YES;
				CLANG_WARN_BOOL_CONVERSION = YES;
				CLANG_WARN_CONSTANT_CONVERSION = YES;
				CLANG_WARN_DIRECT_OBJC_ISA_USAGE = YES_ERROR;
				CLANG_WARN_EMPTY_BODY = YES;
				CLANG_WARN_ENUM_CONVERSION = YES;
				CLANG_WARN_INT_CONVERSION = YES;
				CLANG_WARN_OBJC_ROOT_CLASS = YES_ERROR;
				CLANG_WARN__DUPLICATE_METHOD_MATCH = YES;
				"CODE_SIGN_IDENTITY[sdk=iphoneos*]" = "iPhone Developer";
				COPY_PHASE_STRIP = YES;
				ENABLE_NS_ASSERTIONS = NO;
				GCC_C_LANGUAGE_STANDARD = gnu99;
				GCC_WARN_64_TO_32_BIT_CONVERSION = YES;
				GCC_WARN_ABOUT_RETURN_TYPE = YES_ERROR;
				GCC_WARN_UNDECLARED_SELECTOR = YES;
				GCC_WARN_UNINITIALIZED_AUTOS = YES_AGGRESSIVE;
				GCC_WARN_UNUSED_FUNCTION = YES;
				GCC_WARN_UNUSED_VARIABLE = YES;
				IPHONEOS_DEPLOYMENT_TARGET = 7.1;
				SDKROOT = iphoneos;
				VALIDATE_PRODUCT = YES;
			};
			name = Release;
		};
		6A98F2F619B6677100A176B3 /* Debug */ = {
			isa = XCBuildConfiguration;
			buildSettings = {
				ASSETCATALOG_COMPILER_APPICON_NAME = AppIcon;
				ASSETCATALOG_COMPILER_LAUNCHIMAGE_NAME = LaunchImage;
				CODE_SIGN_IDENTITY = "iPhone Developer";
				"CODE_SIGN_IDENTITY[sdk=iphoneos*]" = "iPhone Developer";
				GCC_PRECOMPILE_PREFIX_HEADER = YES;
				GCC_PREFIX_HEADER = "BlueVite/BlueVite-Prefix.pch";
				INFOPLIST_FILE = "BlueVite/BlueVite-Info.plist";
				PRODUCT_NAME = "$(TARGET_NAME)";
				PROVISIONING_PROFILE = "";
				WRAPPER_EXTENSION = app;
			};
			name = Debug;
		};
		6A98F2F719B6677100A176B3 /* Release */ = {
			isa = XCBuildConfiguration;
			buildSettings = {
				ASSETCATALOG_COMPILER_APPICON_NAME = AppIcon;
				ASSETCATALOG_COMPILER_LAUNCHIMAGE_NAME = LaunchImage;
				CODE_SIGN_IDENTITY = "iPhone Developer";
				"CODE_SIGN_IDENTITY[sdk=iphoneos*]" = "iPhone Developer";
				GCC_PRECOMPILE_PREFIX_HEADER = YES;
				GCC_PREFIX_HEADER = "BlueVite/BlueVite-Prefix.pch";
				INFOPLIST_FILE = "BlueVite/BlueVite-Info.plist";
				PRODUCT_NAME = "$(TARGET_NAME)";
				PROVISIONING_PROFILE = "";
				WRAPPER_EXTENSION = app;
			};
			name = Release;
		};
		6A98F2F919B6677100A176B3 /* Debug */ = {
			isa = XCBuildConfiguration;
			buildSettings = {
				BUNDLE_LOADER = "$(BUILT_PRODUCTS_DIR)/BlueVite.app/BlueVite";
				FRAMEWORK_SEARCH_PATHS = (
					"$(SDKROOT)/Developer/Library/Frameworks",
					"$(inherited)",
					"$(DEVELOPER_FRAMEWORKS_DIR)",
				);
				GCC_PRECOMPILE_PREFIX_HEADER = YES;
				GCC_PREFIX_HEADER = "BlueVite/BlueVite-Prefix.pch";
				GCC_PREPROCESSOR_DEFINITIONS = (
					"DEBUG=1",
					"$(inherited)",
				);
				INFOPLIST_FILE = "BlueViteTests/BlueViteTests-Info.plist";
				PRODUCT_NAME = "$(TARGET_NAME)";
				TEST_HOST = "$(BUNDLE_LOADER)";
				WRAPPER_EXTENSION = xctest;
			};
			name = Debug;
		};
		6A98F2FA19B6677100A176B3 /* Release */ = {
			isa = XCBuildConfiguration;
			buildSettings = {
				BUNDLE_LOADER = "$(BUILT_PRODUCTS_DIR)/BlueVite.app/BlueVite";
				FRAMEWORK_SEARCH_PATHS = (
					"$(SDKROOT)/Developer/Library/Frameworks",
					"$(inherited)",
					"$(DEVELOPER_FRAMEWORKS_DIR)",
				);
				GCC_PRECOMPILE_PREFIX_HEADER = YES;
				GCC_PREFIX_HEADER = "BlueVite/BlueVite-Prefix.pch";
				INFOPLIST_FILE = "BlueViteTests/BlueViteTests-Info.plist";
				PRODUCT_NAME = "$(TARGET_NAME)";
				TEST_HOST = "$(BUNDLE_LOADER)";
				WRAPPER_EXTENSION = xctest;
			};
			name = Release;
		};
/* End XCBuildConfiguration section */

/* Begin XCConfigurationList section */
		6A98F2BE19B6677000A176B3 /* Build configuration list for PBXProject "BlueVite" */ = {
			isa = XCConfigurationList;
			buildConfigurations = (
				6A98F2F319B6677100A176B3 /* Debug */,
				6A98F2F419B6677100A176B3 /* Release */,
			);
			defaultConfigurationIsVisible = 0;
			defaultConfigurationName = Release;
		};
		6A98F2F519B6677100A176B3 /* Build configuration list for PBXNativeTarget "BlueVite" */ = {
			isa = XCConfigurationList;
			buildConfigurations = (
				6A98F2F619B6677100A176B3 /* Debug */,
				6A98F2F719B6677100A176B3 /* Release */,
			);
			defaultConfigurationIsVisible = 0;
			defaultConfigurationName = Release;
		};
		6A98F2F819B6677100A176B3 /* Build configuration list for PBXNativeTarget "BlueViteTests" */ = {
			isa = XCConfigurationList;
			buildConfigurations = (
				6A98F2F919B6677100A176B3 /* Debug */,
				6A98F2FA19B6677100A176B3 /* Release */,
			);
			defaultConfigurationIsVisible = 0;
			defaultConfigurationName = Release;
		};
/* End XCConfigurationList section */
	};
	rootObject = 6A98F2BB19B6677000A176B3 /* Project object */;
}
